
Microsoft Visual Studio Solution File, Format Version 12.00
# Visual Studio Version 17
VisualStudioVersion = 17.0.31912.275
MinimumVisualStudioVersion = 10.0.40219.1
Project("{888888A0-9F3D-457C-B088-3A5042F75D52}") = "MalamPythonTest", "MalamPythonTest\MalamPythonTest.pyproj", "{8808AC40-82B3-4E16-BFDF-88680FD1FACA}"
EndProject
Global
	GlobalSection(SolutionConfigurationPlatforms) = preSolution
		Debug|Any CPU = Debug|Any CPU
		Release|Any CPU = Release|Any CPU
	EndGlobalSection
	GlobalSection(ProjectConfigurationPlatforms) = postSolution
		{8808AC40-82B3-4E16-BFDF-88680FD1FACA}.Debug|Any CPU.ActiveCfg = Debug|Any CPU
		{8808AC40-82B3-4E16-BFDF-88680FD1FACA}.Release|Any CPU.ActiveCfg = Release|Any CPU
	EndGlobalSection
	GlobalSection(SolutionProperties) = preSolution
		HideSolutionNode = FALSE
	EndGlobalSection
	GlobalSection(ExtensibilityGlobals) = postSolution
		SolutionGuid = {165452F7-07C6-4F5B-A3D8-012E0F100EC8}
	EndGlobalSection
EndGlobal
